
Microsoft Visual Studio Solution File, Format Version 12.00
# Visual Studio Version 16
VisualStudioVersion = 16.0.30114.105
MinimumVisualStudioVersion = 10.0.40219.1
Project("{FAE04EC0-301F-11D3-BF4B-00C04F79EFBC}") = "API", "API\API.csproj", "{AC408446-DA7E-4C50-8842-2A625FE2BFE6}"
EndProject
Project("{FAE04EC0-301F-11D3-BF4B-00C04F79EFBC}") = "Application", "Application\Application.csproj", "{9BF1E832-B73F-4D24-BE79-08FE39FBA691}"
EndProject
Project("{FAE04EC0-301F-11D3-BF4B-00C04F79EFBC}") = "Domain", "Domain\Domain.csproj", "{B6592E5F-A335-4619-8388-A34E01C5DCE7}"
EndProject
Project("{FAE04EC0-301F-11D3-BF4B-00C04F79EFBC}") = "Persistence", "Persistence\Persistence.csproj", "{64801EAB-E83F-466B-B016-4D9C0EB33E23}"
EndProject
Global
	GlobalSection(SolutionConfigurationPlatforms) = preSolution
		Debug|Any CPU = Debug|Any CPU
		Release|Any CPU = Release|Any CPU
	EndGlobalSection
	GlobalSection(SolutionProperties) = preSolution
		HideSolutionNode = FALSE
	EndGlobalSection
	GlobalSection(ProjectConfigurationPlatforms) = postSolution
		{AC408446-DA7E-4C50-8842-2A625FE2BFE6}.Debug|Any CPU.ActiveCfg = Debug|Any CPU
		{AC408446-DA7E-4C50-8842-2A625FE2BFE6}.Debug|Any CPU.Build.0 = Debug|Any CPU
		{AC408446-DA7E-4C50-8842-2A625FE2BFE6}.Release|Any CPU.ActiveCfg = Release|Any CPU
		{AC408446-DA7E-4C50-8842-2A625FE2BFE6}.Release|Any CPU.Build.0 = Release|Any CPU
		{9BF1E832-B73F-4D24-BE79-08FE39FBA691}.Debug|Any CPU.ActiveCfg = Debug|Any CPU
		{9BF1E832-B73F-4D24-BE79-08FE39FBA691}.Debug|Any CPU.Build.0 = Debug|Any CPU
		{9BF1E832-B73F-4D24-BE79-08FE39FBA691}.Release|Any CPU.ActiveCfg = Release|Any CPU
		{9BF1E832-B73F-4D24-BE79-08FE39FBA691}.Release|Any CPU.Build.0 = Release|Any CPU
		{B6592E5F-A335-4619-8388-A34E01C5DCE7}.Debug|Any CPU.ActiveCfg = Debug|Any CPU
		{B6592E5F-A335-4619-8388-A34E01C5DCE7}.Debug|Any CPU.Build.0 = Debug|Any CPU
		{B6592E5F-A335-4619-8388-A34E01C5DCE7}.Release|Any CPU.ActiveCfg = Release|Any CPU
		{B6592E5F-A335-4619-8388-A34E01C5DCE7}.Release|Any CPU.Build.0 = Release|Any CPU
		{64801EAB-E83F-466B-B016-4D9C0EB33E23}.Debug|Any CPU.ActiveCfg = Debug|Any CPU
		{64801EAB-E83F-466B-B016-4D9C0EB33E23}.Debug|Any CPU.Build.0 = Debug|Any CPU
		{64801EAB-E83F-466B-B016-4D9C0EB33E23}.Release|Any CPU.ActiveCfg = Release|Any CPU
		{64801EAB-E83F-466B-B016-4D9C0EB33E23}.Release|Any CPU.Build.0 = Release|Any CPU
	EndGlobalSection
EndGlobal
